
Microsoft Visual Studio Solution File, Format Version 12.00
Project("{FAE04EC0-301F-11D3-BF4B-00C04F79EFBC}") = "RecipeHub", "RecipeHub.csproj", "{82643B51-5579-4254-81F2-0AC0C88889E8}"
EndProject
Project("{2150E333-8FDC-42A3-9474-1A3956D46DE8}") = "Solution Items", "Solution Items", "{DFCAEB1E-1521-4970-9017-E78762D3FC1F}"
	ProjectSection(SolutionItems) = preProject
		compose.yaml = compose.yaml
	EndProjectSection
EndProject
Global
	GlobalSection(SolutionConfigurationPlatforms) = preSolution
		Debug|Any CPU = Debug|Any CPU
		Release|Any CPU = Release|Any CPU
	EndGlobalSection
	GlobalSection(ProjectConfigurationPlatforms) = postSolution
		{82643B51-5579-4254-81F2-0AC0C88889E8}.Debug|Any CPU.ActiveCfg = Debug|Any CPU
		{82643B51-5579-4254-81F2-0AC0C88889E8}.Debug|Any CPU.Build.0 = Debug|Any CPU
		{82643B51-5579-4254-81F2-0AC0C88889E8}.Release|Any CPU.ActiveCfg = Release|Any CPU
		{82643B51-5579-4254-81F2-0AC0C88889E8}.Release|Any CPU.Build.0 = Release|Any CPU
	EndGlobalSection
EndGlobal
